
Microsoft Visual Studio Solution File, Format Version 12.00
# Visual Studio Version 16
VisualStudioVersion = 16.0.29709.97
MinimumVisualStudioVersion = 10.0.40219.1
Project("{FAE04EC0-301F-11D3-BF4B-00C04F79EFBC}") = "Asg2-xxy180008", "Asg2-xxy180008.csproj", "{46275217-BB69-459C-A16D-242EDF2C5EA7}"
EndProject
Global
	GlobalSection(SolutionConfigurationPlatforms) = preSolution
		Debug|Any CPU = Debug|Any CPU
		Release|Any CPU = Release|Any CPU
	EndGlobalSection
	GlobalSection(ProjectConfigurationPlatforms) = postSolution
		{46275217-BB69-459C-A16D-242EDF2C5EA7}.Debug|Any CPU.ActiveCfg = Debug|Any CPU
		{46275217-BB69-459C-A16D-242EDF2C5EA7}.Debug|Any CPU.Build.0 = Debug|Any CPU
		{46275217-BB69-459C-A16D-242EDF2C5EA7}.Release|Any CPU.ActiveCfg = Release|Any CPU
		{46275217-BB69-459C-A16D-242EDF2C5EA7}.Release|Any CPU.Build.0 = Release|Any CPU
	EndGlobalSection
	GlobalSection(SolutionProperties) = preSolution
		HideSolutionNode = FALSE
	EndGlobalSection
	GlobalSection(ExtensibilityGlobals) = postSolution
		SolutionGuid = {8894FA34-B683-4DAD-886D-873DB13A98C8}
	EndGlobalSection
EndGlobal
